
Microsoft Visual Studio Solution File, Format Version 12.00
# Visual Studio Version 16
VisualStudioVersion = 16.0.30320.27
MinimumVisualStudioVersion = 10.0.40219.1
Project("{FAE04EC0-301F-11D3-BF4B-00C04F79EFBC}") = "MemberRegister", "MemberRegister.csproj", "{E31CA621-C091-487E-9943-98172AC5BB56}"
EndProject
Project("{FAE04EC0-301F-11D3-BF4B-00C04F79EFBC}") = "MyServices", "..\MyServices\MyServices.csproj", "{E9418686-9BCC-48A0-BB5E-FF11A640F03D}"
EndProject
Global
	GlobalSection(SolutionConfigurationPlatforms) = preSolution
		Debug|Any CPU = Debug|Any CPU
		Debug|ARM = Debug|ARM
		Debug|ARM64 = Debug|ARM64
		Debug|x64 = Debug|x64
		Debug|x86 = Debug|x86
		Release|Any CPU = Release|Any CPU
		Release|ARM = Release|ARM
		Release|ARM64 = Release|ARM64
		Release|x64 = Release|x64
		Release|x86 = Release|x86
	EndGlobalSection
	GlobalSection(ProjectConfigurationPlatforms) = postSolution
		{E31CA621-C091-487E-9943-98172AC5BB56}.Debug|Any CPU.ActiveCfg = Debug|x86
		{E31CA621-C091-487E-9943-98172AC5BB56}.Debug|ARM.ActiveCfg = Debug|ARM
		{E31CA621-C091-487E-9943-98172AC5BB56}.Debug|ARM.Build.0 = Debug|ARM
		{E31CA621-C091-487E-9943-98172AC5BB56}.Debug|ARM.Deploy.0 = Debug|ARM
		{E31CA621-C091-487E-9943-98172AC5BB56}.Debug|ARM64.ActiveCfg = Debug|ARM64
		{E31CA621-C091-487E-9943-98172AC5BB56}.Debug|ARM64.Build.0 = Debug|ARM64
		{E31CA621-C091-487E-9943-98172AC5BB56}.Debug|ARM64.Deploy.0 = Debug|ARM64
		{E31CA621-C091-487E-9943-98172AC5BB56}.Debug|x64.ActiveCfg = Debug|x64
		{E31CA621-C091-487E-9943-98172AC5BB56}.Debug|x64.Build.0 = Debug|x64
		{E31CA621-C091-487E-9943-98172AC5BB56}.Debug|x64.Deploy.0 = Debug|x64
		{E31CA621-C091-487E-9943-98172AC5BB56}.Debug|x86.ActiveCfg = Debug|x86
		{E31CA621-C091-487E-9943-98172AC5BB56}.Debug|x86.Build.0 = Debug|x86
		{E31CA621-C091-487E-9943-98172AC5BB56}.Debug|x86.Deploy.0 = Debug|x86
		{E31CA621-C091-487E-9943-98172AC5BB56}.Release|Any CPU.ActiveCfg = Release|x86
		{E31CA621-C091-487E-9943-98172AC5BB56}.Release|ARM.ActiveCfg = Release|ARM
		{E31CA621-C091-487E-9943-98172AC5BB56}.Release|ARM.Build.0 = Release|ARM
		{E31CA621-C091-487E-9943-98172AC5BB56}.Release|ARM.Deploy.0 = Release|ARM
		{E31CA621-C091-487E-9943-98172AC5BB56}.Release|ARM64.ActiveCfg = Release|ARM64
		{E31CA621-C091-487E-9943-98172AC5BB56}.Release|ARM64.Build.0 = Release|ARM64
		{E31CA621-C091-487E-9943-98172AC5BB56}.Release|ARM64.Deploy.0 = Release|ARM64
		{E31CA621-C091-487E-9943-98172AC5BB56}.Release|x64.ActiveCfg = Release|x64
		{E31CA621-C091-487E-9943-98172AC5BB56}.Release|x64.Build.0 = Release|x64
		{E31CA621-C091-487E-9943-98172AC5BB56}.Release|x64.Deploy.0 = Release|x64
		{E31CA621-C091-487E-9943-98172AC5BB56}.Release|x86.ActiveCfg = Release|x86
		{E31CA621-C091-487E-9943-98172AC5BB56}.Release|x86.Build.0 = Release|x86
		{E31CA621-C091-487E-9943-98172AC5BB56}.Release|x86.Deploy.0 = Release|x86
		{E9418686-9BCC-48A0-BB5E-FF11A640F03D}.Debug|Any CPU.ActiveCfg = Debug|Any CPU
		{E9418686-9BCC-48A0-BB5E-FF11A640F03D}.Debug|Any CPU.Build.0 = Debug|Any CPU
		{E9418686-9BCC-48A0-BB5E-FF11A640F03D}.Debug|ARM.ActiveCfg = Debug|Any CPU
		{E9418686-9BCC-48A0-BB5E-FF11A640F03D}.Debug|ARM.Build.0 = Debug|Any CPU
		{E9418686-9BCC-48A0-BB5E-FF11A640F03D}.Debug|ARM64.ActiveCfg = Debug|Any CPU
		{E9418686-9BCC-48A0-BB5E-FF11A640F03D}.Debug|ARM64.Build.0 = Debug|Any CPU
		{E9418686-9BCC-48A0-BB5E-FF11A640F03D}.Debug|x64.ActiveCfg = Debug|Any CPU
		{E9418686-9BCC-48A0-BB5E-FF11A640F03D}.Debug|x64.Build.0 = Debug|Any CPU
		{E9418686-9BCC-48A0-BB5E-FF11A640F03D}.Debug|x86.ActiveCfg = Debug|Any CPU
		{E9418686-9BCC-48A0-BB5E-FF11A640F03D}.Debug|x86.Build.0 = Debug|Any CPU
		{E9418686-9BCC-48A0-BB5E-FF11A640F03D}.Release|Any CPU.ActiveCfg = Release|Any CPU
		{E9418686-9BCC-48A0-BB5E-FF11A640F03D}.Release|Any CPU.Build.0 = Release|Any CPU
		{E9418686-9BCC-48A0-BB5E-FF11A640F03D}.Release|ARM.ActiveCfg = Release|Any CPU
		{E9418686-9BCC-48A0-BB5E-FF11A640F03D}.Release|ARM.Build.0 = Release|Any CPU
		{E9418686-9BCC-48A0-BB5E-FF11A640F03D}.Release|ARM64.ActiveCfg = Release|Any CPU
		{E9418686-9BCC-48A0-BB5E-FF11A640F03D}.Release|ARM64.Build.0 = Release|Any CPU
		{E9418686-9BCC-48A0-BB5E-FF11A640F03D}.Release|x64.ActiveCfg = Release|Any CPU
		{E9418686-9BCC-48A0-BB5E-FF11A640F03D}.Release|x64.Build.0 = Release|Any CPU
		{E9418686-9BCC-48A0-BB5E-FF11A640F03D}.Release|x86.ActiveCfg = Release|Any CPU
		{E9418686-9BCC-48A0-BB5E-FF11A640F03D}.Release|x86.Build.0 = Release|Any CPU
	EndGlobalSection
	GlobalSection(SolutionProperties) = preSolution
		HideSolutionNode = FALSE
	EndGlobalSection
	GlobalSection(ExtensibilityGlobals) = postSolution
		SolutionGuid = {296363DA-4FA6-483E-AA01-EE5B44502651}
	EndGlobalSection
EndGlobal
