
Microsoft Visual Studio Solution File, Format Version 12.00
# Visual Studio Version 16
VisualStudioVersion = 16.0.30320.27
MinimumVisualStudioVersion = 10.0.40219.1
Project("{FAE04EC0-301F-11D3-BF4B-00C04F79EFBC}") = "ProductManager", "ProductManager.csproj", "{5DC5E94A-8363-4374-A08A-214F228C00FB}"
EndProject
Global
	GlobalSection(SolutionConfigurationPlatforms) = preSolution
		Debug|Any CPU = Debug|Any CPU
		Release|Any CPU = Release|Any CPU
	EndGlobalSection
	GlobalSection(ProjectConfigurationPlatforms) = postSolution
		{5DC5E94A-8363-4374-A08A-214F228C00FB}.Debug|Any CPU.ActiveCfg = Debug|Any CPU
		{5DC5E94A-8363-4374-A08A-214F228C00FB}.Debug|Any CPU.Build.0 = Debug|Any CPU
		{5DC5E94A-8363-4374-A08A-214F228C00FB}.Release|Any CPU.ActiveCfg = Release|Any CPU
		{5DC5E94A-8363-4374-A08A-214F228C00FB}.Release|Any CPU.Build.0 = Release|Any CPU
	EndGlobalSection
	GlobalSection(SolutionProperties) = preSolution
		HideSolutionNode = FALSE
	EndGlobalSection
	GlobalSection(ExtensibilityGlobals) = postSolution
		SolutionGuid = {4E5B0789-10D1-47F7-B0C6-496213E8A76C}
	EndGlobalSection
EndGlobal
