
Microsoft Visual Studio Solution File, Format Version 12.00
# Visual Studio Version 16
VisualStudioVersion = 16.0.30320.27
MinimumVisualStudioVersion = 10.0.40219.1
Project("{FAE04EC0-301F-11D3-BF4B-00C04F79EFBC}") = "WingtipToys", "WingtipToys.csproj", "{E7C71B16-E74E-476C-B1F0-AABAA4D34036}"
EndProject
Global
	GlobalSection(SolutionConfigurationPlatforms) = preSolution
		Debug|Any CPU = Debug|Any CPU
		Release|Any CPU = Release|Any CPU
	EndGlobalSection
	GlobalSection(ProjectConfigurationPlatforms) = postSolution
		{E7C71B16-E74E-476C-B1F0-AABAA4D34036}.Debug|Any CPU.ActiveCfg = Debug|Any CPU
		{E7C71B16-E74E-476C-B1F0-AABAA4D34036}.Debug|Any CPU.Build.0 = Debug|Any CPU
		{E7C71B16-E74E-476C-B1F0-AABAA4D34036}.Release|Any CPU.ActiveCfg = Release|Any CPU
		{E7C71B16-E74E-476C-B1F0-AABAA4D34036}.Release|Any CPU.Build.0 = Release|Any CPU
	EndGlobalSection
	GlobalSection(SolutionProperties) = preSolution
		HideSolutionNode = FALSE
	EndGlobalSection
	GlobalSection(ExtensibilityGlobals) = postSolution
		SolutionGuid = {340600D1-8885-4182-990C-486A8E84F951}
	EndGlobalSection
EndGlobal
