
Microsoft Visual Studio Solution File, Format Version 12.00
# Visual Studio Version 16
VisualStudioVersion = 16.0.30320.27
MinimumVisualStudioVersion = 10.0.40219.1
Project("{FAE04EC0-301F-11D3-BF4B-00C04F79EFBC}") = "HumanResourcesManagement", "HumanResourcesManagement.csproj", "{7B2E5A04-AC46-4914-B0E1-16BD1B9537BB}"
EndProject
Global
	GlobalSection(SolutionConfigurationPlatforms) = preSolution
		Debug|Any CPU = Debug|Any CPU
		Release|Any CPU = Release|Any CPU
	EndGlobalSection
	GlobalSection(ProjectConfigurationPlatforms) = postSolution
		{7B2E5A04-AC46-4914-B0E1-16BD1B9537BB}.Debug|Any CPU.ActiveCfg = Debug|Any CPU
		{7B2E5A04-AC46-4914-B0E1-16BD1B9537BB}.Debug|Any CPU.Build.0 = Debug|Any CPU
		{7B2E5A04-AC46-4914-B0E1-16BD1B9537BB}.Release|Any CPU.ActiveCfg = Release|Any CPU
		{7B2E5A04-AC46-4914-B0E1-16BD1B9537BB}.Release|Any CPU.Build.0 = Release|Any CPU
	EndGlobalSection
	GlobalSection(SolutionProperties) = preSolution
		HideSolutionNode = FALSE
	EndGlobalSection
	GlobalSection(ExtensibilityGlobals) = postSolution
		SolutionGuid = {D194F6D8-C925-4D71-9D61-578EAF0DC4B5}
	EndGlobalSection
EndGlobal
